
Microsoft Visual Studio Solution File, Format Version 12.00
# Visual Studio Version 17
VisualStudioVersion = 17.14.36310.24 d17.14
MinimumVisualStudioVersion = 10.0.40219.1
Project("{FAE04EC0-301F-11D3-BF4B-00C04F79EFBC}") = "Lab7.DataStructures", "Lab7.DataStructures\Lab7.DataStructures.csproj", "{404CB0E8-4412-4D44-B3EA-75AA80543D58}"
EndProject
Project("{FAE04EC0-301F-11D3-BF4B-00C04F79EFBC}") = "Lab7.ConsoleApp", "Lab7.ConsoleApp\Lab7.ConsoleApp.csproj", "{9A4821A9-0DC1-4C47-80B3-AAAE0EC33100}"
EndProject
Global
	GlobalSection(SolutionConfigurationPlatforms) = preSolution
		Debug|Any CPU = Debug|Any CPU
		Release|Any CPU = Release|Any CPU
	EndGlobalSection
	GlobalSection(ProjectConfigurationPlatforms) = postSolution
		{404CB0E8-4412-4D44-B3EA-75AA80543D58}.Debug|Any CPU.ActiveCfg = Debug|Any CPU
		{404CB0E8-4412-4D44-B3EA-75AA80543D58}.Debug|Any CPU.Build.0 = Debug|Any CPU
		{404CB0E8-4412-4D44-B3EA-75AA80543D58}.Release|Any CPU.ActiveCfg = Release|Any CPU
		{404CB0E8-4412-4D44-B3EA-75AA80543D58}.Release|Any CPU.Build.0 = Release|Any CPU
		{9A4821A9-0DC1-4C47-80B3-AAAE0EC33100}.Debug|Any CPU.ActiveCfg = Debug|Any CPU
		{9A4821A9-0DC1-4C47-80B3-AAAE0EC33100}.Debug|Any CPU.Build.0 = Debug|Any CPU
		{9A4821A9-0DC1-4C47-80B3-AAAE0EC33100}.Release|Any CPU.ActiveCfg = Release|Any CPU
		{9A4821A9-0DC1-4C47-80B3-AAAE0EC33100}.Release|Any CPU.Build.0 = Release|Any CPU
	EndGlobalSection
	GlobalSection(SolutionProperties) = preSolution
		HideSolutionNode = FALSE
	EndGlobalSection
	GlobalSection(ExtensibilityGlobals) = postSolution
		SolutionGuid = {2FCCE3D5-141E-49FF-9C08-F473081FA311}
	EndGlobalSection
EndGlobal
